
Microsoft Visual Studio Solution File, Format Version 12.00
# Visual Studio Version 17
VisualStudioVersion = 17.0.31919.166
MinimumVisualStudioVersion = 10.0.40219.1
Project("{FAE04EC0-301F-11D3-BF4B-00C04F79EFBC}") = "MusicTrack", "MusicTrack\MusicTrack.csproj", "{26154C2E-1F19-441C-AB81-C9C915E220E1}"
EndProject
Project("{FAE04EC0-301F-11D3-BF4B-00C04F79EFBC}") = "MusicTrackTests", "MusicTrackTests\MusicTrackTests.csproj", "{2386F7E6-D379-462B-B503-B049E5989D6A}"
EndProject
Global
	GlobalSection(SolutionConfigurationPlatforms) = preSolution
		Debug|Any CPU = Debug|Any CPU
		Release|Any CPU = Release|Any CPU
	EndGlobalSection
	GlobalSection(ProjectConfigurationPlatforms) = postSolution
		{26154C2E-1F19-441C-AB81-C9C915E220E1}.Debug|Any CPU.ActiveCfg = Debug|Any CPU
		{26154C2E-1F19-441C-AB81-C9C915E220E1}.Debug|Any CPU.Build.0 = Debug|Any CPU
		{26154C2E-1F19-441C-AB81-C9C915E220E1}.Release|Any CPU.ActiveCfg = Release|Any CPU
		{26154C2E-1F19-441C-AB81-C9C915E220E1}.Release|Any CPU.Build.0 = Release|Any CPU
		{2386F7E6-D379-462B-B503-B049E5989D6A}.Debug|Any CPU.ActiveCfg = Debug|Any CPU
		{2386F7E6-D379-462B-B503-B049E5989D6A}.Debug|Any CPU.Build.0 = Debug|Any CPU
		{2386F7E6-D379-462B-B503-B049E5989D6A}.Release|Any CPU.ActiveCfg = Release|Any CPU
		{2386F7E6-D379-462B-B503-B049E5989D6A}.Release|Any CPU.Build.0 = Release|Any CPU
	EndGlobalSection
	GlobalSection(SolutionProperties) = preSolution
		HideSolutionNode = FALSE
	EndGlobalSection
	GlobalSection(ExtensibilityGlobals) = postSolution
		SolutionGuid = {829779CD-2D90-4C07-AEF7-8DD935860290}
	EndGlobalSection
EndGlobal
